Microsoft Visual Studio Solution File, Format Version 12.00
# Visual Studio Version 17
VisualStudioVersion = 17.0.31903.59
MinimumVisualStudioVersion = 10.0.40219.1
Project("{FAE04EC0-301F-11D3-BF4B-00C04F79EFBC}") = "ShenshenPet.Core", "src\ShenshenPet.Core\ShenshenPet.Core.csproj", "{C1DC6654-C2DB-4C4E-A78A-4A488A65C315}"
EndProject
Project("{FAE04EC0-301F-11D3-BF4B-00C04F79EFBC}") = "ShenshenPet.Windows", "src\ShenshenPet.Windows\ShenshenPet.Windows.csproj", "{C2E104F5-CF50-49F4-9D2D-A9F1D80AE2E1}"
EndProject
Project("{FAE04EC0-301F-11D3-BF4B-00C04F79EFBC}") = "ShenshenPet.Core.Tests", "tests\ShenshenPet.Core.Tests\ShenshenPet.Core.Tests.csproj", "{D5DC42D8-A865-4DDD-B915-10BF19404C7D}"
EndProject
Project("{FAE04EC0-301F-11D3-BF4B-00C04F79EFBC}") = "ShenshenPet.Bridge", "src\ShenshenPet.Bridge\ShenshenPet.Bridge.csproj", "{58E6A0C8-7B1E-4EF1-9633-55F28AB3A66D}"
EndProject
Global
	GlobalSection(SolutionConfigurationPlatforms) = preSolution
		Debug|Any CPU = Debug|Any CPU
		Release|Any CPU = Release|Any CPU
	EndGlobalSection
	GlobalSection(ProjectConfigurationPlatforms) = postSolution
		{C1DC6654-C2DB-4C4E-A78A-4A488A65C315}.Debug|Any CPU.ActiveCfg = Debug|Any CPU
		{C1DC6654-C2DB-4C4E-A78A-4A488A65C315}.Debug|Any CPU.Build.0 = Debug|Any CPU
		{C1DC6654-C2DB-4C4E-A78A-4A488A65C315}.Release|Any CPU.ActiveCfg = Release|Any CPU
		{C1DC6654-C2DB-4C4E-A78A-4A488A65C315}.Release|Any CPU.Build.0 = Release|Any CPU
		{C2E104F5-CF50-49F4-9D2D-A9F1D80AE2E1}.Debug|Any CPU.ActiveCfg = Debug|Any CPU
		{C2E104F5-CF50-49F4-9D2D-A9F1D80AE2E1}.Debug|Any CPU.Build.0 = Debug|Any CPU
		{C2E104F5-CF50-49F4-9D2D-A9F1D80AE2E1}.Release|Any CPU.ActiveCfg = Release|Any CPU
		{C2E104F5-CF50-49F4-9D2D-A9F1D80AE2E1}.Release|Any CPU.Build.0 = Release|Any CPU
		{D5DC42D8-A865-4DDD-B915-10BF19404C7D}.Debug|Any CPU.ActiveCfg = Debug|Any CPU
		{D5DC42D8-A865-4DDD-B915-10BF19404C7D}.Debug|Any CPU.Build.0 = Debug|Any CPU
		{D5DC42D8-A865-4DDD-B915-10BF19404C7D}.Release|Any CPU.ActiveCfg = Release|Any CPU
		{D5DC42D8-A865-4DDD-B915-10BF19404C7D}.Release|Any CPU.Build.0 = Release|Any CPU
		{58E6A0C8-7B1E-4EF1-9633-55F28AB3A66D}.Debug|Any CPU.ActiveCfg = Debug|Any CPU
		{58E6A0C8-7B1E-4EF1-9633-55F28AB3A66D}.Debug|Any CPU.Build.0 = Debug|Any CPU
		{58E6A0C8-7B1E-4EF1-9633-55F28AB3A66D}.Release|Any CPU.ActiveCfg = Release|Any CPU
		{58E6A0C8-7B1E-4EF1-9633-55F28AB3A66D}.Release|Any CPU.Build.0 = Release|Any CPU
	EndGlobalSection
EndGlobal
